
Microsoft Visual Studio Solution File, Format Version 12.00
# Visual Studio Version 17
VisualStudioVersion = 17.14.36401.2 d17.14
MinimumVisualStudioVersion = 10.0.40219.1
Project("{FAE04EC0-301F-11D3-BF4B-00C04F79EFBC}") = "FileIOOperationsIBM", "FileIOOperationsIBM.csproj", "{2BE2E594-CB8B-42A5-BB22-EB17FF91625B}"
EndProject
Global
	GlobalSection(SolutionConfigurationPlatforms) = preSolution
		Debug|Any CPU = Debug|Any CPU
		Release|Any CPU = Release|Any CPU
	EndGlobalSection
	GlobalSection(ProjectConfigurationPlatforms) = postSolution
		{2BE2E594-CB8B-42A5-BB22-EB17FF91625B}.Debug|Any CPU.ActiveCfg = Debug|Any CPU
		{2BE2E594-CB8B-42A5-BB22-EB17FF91625B}.Debug|Any CPU.Build.0 = Debug|Any CPU
		{2BE2E594-CB8B-42A5-BB22-EB17FF91625B}.Release|Any CPU.ActiveCfg = Release|Any CPU
		{2BE2E594-CB8B-42A5-BB22-EB17FF91625B}.Release|Any CPU.Build.0 = Release|Any CPU
	EndGlobalSection
	GlobalSection(SolutionProperties) = preSolution
		HideSolutionNode = FALSE
	EndGlobalSection
	GlobalSection(ExtensibilityGlobals) = postSolution
		SolutionGuid = {ECA5F9EB-B37E-4045-B01D-7C9498BE527D}
	EndGlobalSection
EndGlobal
